
Microsoft Visual Studio Solution File, Format Version 12.00
# Visual Studio Version 17
VisualStudioVersion = 17.9.34622.214
MinimumVisualStudioVersion = 10.0.40219.1
Project("{FAE04EC0-301F-11D3-BF4B-00C04F79EFBC}") = "arrmus", "arrmus\arrmus.csproj", "{B0C922E6-8686-4546-9725-6689CD3ED419}"
EndProject
Global
	GlobalSection(SolutionConfigurationPlatforms) = preSolution
		Debug|Any CPU = Debug|Any CPU
		Release|Any CPU = Release|Any CPU
	EndGlobalSection
	GlobalSection(ProjectConfigurationPlatforms) = postSolution
		{B0C922E6-8686-4546-9725-6689CD3ED419}.Debug|Any CPU.ActiveCfg = Debug|Any CPU
		{B0C922E6-8686-4546-9725-6689CD3ED419}.Debug|Any CPU.Build.0 = Debug|Any CPU
		{B0C922E6-8686-4546-9725-6689CD3ED419}.Release|Any CPU.ActiveCfg = Release|Any CPU
		{B0C922E6-8686-4546-9725-6689CD3ED419}.Release|Any CPU.Build.0 = Release|Any CPU
	EndGlobalSection
	GlobalSection(SolutionProperties) = preSolution
		HideSolutionNode = FALSE
	EndGlobalSection
	GlobalSection(ExtensibilityGlobals) = postSolution
		SolutionGuid = {8CA5C894-18EA-432D-ADF0-2C51C95FAB84}
	EndGlobalSection
EndGlobal
